
Microsoft Visual Studio Solution File, Format Version 12.00
# Visual Studio Version 17
VisualStudioVersion = 17.8.34511.84
MinimumVisualStudioVersion = 10.0.40219.1
Project("{FAE04EC0-301F-11D3-BF4B-00C04F79EFBC}") = "DressToImpress", "DressToImpress\DressToImpress.csproj", "{8267513B-F7C0-4525-A502-20AF8EBE5498}"
EndProject
Global
	GlobalSection(SolutionConfigurationPlatforms) = preSolution
		Debug|Any CPU = Debug|Any CPU
		Release|Any CPU = Release|Any CPU
	EndGlobalSection
	GlobalSection(ProjectConfigurationPlatforms) = postSolution
		{8267513B-F7C0-4525-A502-20AF8EBE5498}.Debug|Any CPU.ActiveCfg = Debug|Any CPU
		{8267513B-F7C0-4525-A502-20AF8EBE5498}.Debug|Any CPU.Build.0 = Debug|Any CPU
		{8267513B-F7C0-4525-A502-20AF8EBE5498}.Release|Any CPU.ActiveCfg = Release|Any CPU
		{8267513B-F7C0-4525-A502-20AF8EBE5498}.Release|Any CPU.Build.0 = Release|Any CPU
	EndGlobalSection
	GlobalSection(SolutionProperties) = preSolution
		HideSolutionNode = FALSE
	EndGlobalSection
	GlobalSection(ExtensibilityGlobals) = postSolution
		SolutionGuid = {BB1CF843-3778-4913-94CF-CB14B98EB6E2}
	EndGlobalSection
EndGlobal
